
Microsoft Visual Studio Solution File, Format Version 12.00
# Visual Studio Version 17
VisualStudioVersion = 17.2.32526.322
MinimumVisualStudioVersion = 10.0.40219.1
Project("{FAE04EC0-301F-11D3-BF4B-00C04F79EFBC}") = "SplashScreen.Android", "SplashScreen\SplashScreen.Android\SplashScreen.Android.csproj", "{41E853D0-FA3A-46F9-B4CC-7AF8306D51A0}"
EndProject
Project("{FAE04EC0-301F-11D3-BF4B-00C04F79EFBC}") = "SplashScreen.iOS", "SplashScreen\SplashScreen.iOS\SplashScreen.iOS.csproj", "{FBD5E730-EDDF-46E1-9FFF-4579552541B8}"
EndProject
Project("{FAE04EC0-301F-11D3-BF4B-00C04F79EFBC}") = "SplashScreen", "SplashScreen\SplashScreen\SplashScreen.csproj", "{D0E5C68C-05E0-4EA8-81A0-9A2352A54390}"
EndProject
Global
	GlobalSection(SolutionConfigurationPlatforms) = preSolution
		Debug|Any CPU = Debug|Any CPU
		Debug|iPhone = Debug|iPhone
		Debug|iPhoneSimulator = Debug|iPhoneSimulator
		Release|Any CPU = Release|Any CPU
		Release|iPhone = Release|iPhone
		Release|iPhoneSimulator = Release|iPhoneSimulator
	EndGlobalSection
	GlobalSection(ProjectConfigurationPlatforms) = postSolution
		{41E853D0-FA3A-46F9-B4CC-7AF8306D51A0}.Debug|Any CPU.ActiveCfg = Debug|Any CPU
		{41E853D0-FA3A-46F9-B4CC-7AF8306D51A0}.Debug|Any CPU.Build.0 = Debug|Any CPU
		{41E853D0-FA3A-46F9-B4CC-7AF8306D51A0}.Debug|Any CPU.Deploy.0 = Debug|Any CPU
		{41E853D0-FA3A-46F9-B4CC-7AF8306D51A0}.Debug|iPhone.ActiveCfg = Debug|Any CPU
		{41E853D0-FA3A-46F9-B4CC-7AF8306D51A0}.Debug|iPhone.Build.0 = Debug|Any CPU
		{41E853D0-FA3A-46F9-B4CC-7AF8306D51A0}.Debug|iPhone.Deploy.0 = Debug|Any CPU
		{41E853D0-FA3A-46F9-B4CC-7AF8306D51A0}.Debug|iPhoneSimulator.ActiveCfg = Debug|Any CPU
		{41E853D0-FA3A-46F9-B4CC-7AF8306D51A0}.Debug|iPhoneSimulator.Build.0 = Debug|Any CPU
		{41E853D0-FA3A-46F9-B4CC-7AF8306D51A0}.Debug|iPhoneSimulator.Deploy.0 = Debug|Any CPU
		{41E853D0-FA3A-46F9-B4CC-7AF8306D51A0}.Release|Any CPU.ActiveCfg = Release|Any CPU
		{41E853D0-FA3A-46F9-B4CC-7AF8306D51A0}.Release|Any CPU.Build.0 = Release|Any CPU
		{41E853D0-FA3A-46F9-B4CC-7AF8306D51A0}.Release|Any CPU.Deploy.0 = Release|Any CPU
		{41E853D0-FA3A-46F9-B4CC-7AF8306D51A0}.Release|iPhone.ActiveCfg = Release|Any CPU
		{41E853D0-FA3A-46F9-B4CC-7AF8306D51A0}.Release|iPhone.Build.0 = Release|Any CPU
		{41E853D0-FA3A-46F9-B4CC-7AF8306D51A0}.Release|iPhone.Deploy.0 = Release|Any CPU
		{41E853D0-FA3A-46F9-B4CC-7AF8306D51A0}.Release|iPhoneSimulator.ActiveCfg = Release|Any CPU
		{41E853D0-FA3A-46F9-B4CC-7AF8306D51A0}.Release|iPhoneSimulator.Build.0 = Release|Any CPU
		{41E853D0-FA3A-46F9-B4CC-7AF8306D51A0}.Release|iPhoneSimulator.Deploy.0 = Release|Any CPU
		{FBD5E730-EDDF-46E1-9FFF-4579552541B8}.Debug|Any CPU.ActiveCfg = Debug|iPhone
		{FBD5E730-EDDF-46E1-9FFF-4579552541B8}.Debug|Any CPU.Build.0 = Debug|iPhone
		{FBD5E730-EDDF-46E1-9FFF-4579552541B8}.Debug|Any CPU.Deploy.0 = Debug|iPhone
		{FBD5E730-EDDF-46E1-9FFF-4579552541B8}.Debug|iPhone.ActiveCfg = Debug|iPhone
		{FBD5E730-EDDF-46E1-9FFF-4579552541B8}.Debug|iPhone.Build.0 = Debug|iPhone
		{FBD5E730-EDDF-46E1-9FFF-4579552541B8}.Debug|iPhone.Deploy.0 = Debug|iPhone
		{FBD5E730-EDDF-46E1-9FFF-4579552541B8}.Debug|iPhoneSimulator.ActiveCfg = Debug|iPhoneSimulator
		{FBD5E730-EDDF-46E1-9FFF-4579552541B8}.Debug|iPhoneSimulator.Build.0 = Debug|iPhoneSimulator
		{FBD5E730-EDDF-46E1-9FFF-4579552541B8}.Debug|iPhoneSimulator.Deploy.0 = Debug|iPhoneSimulator
		{FBD5E730-EDDF-46E1-9FFF-4579552541B8}.Release|Any CPU.ActiveCfg = Release|iPhoneSimulator
		{FBD5E730-EDDF-46E1-9FFF-4579552541B8}.Release|Any CPU.Build.0 = Release|iPhoneSimulator
		{FBD5E730-EDDF-46E1-9FFF-4579552541B8}.Release|Any CPU.Deploy.0 = Release|iPhoneSimulator
		{FBD5E730-EDDF-46E1-9FFF-4579552541B8}.Release|iPhone.ActiveCfg = Release|iPhone
		{FBD5E730-EDDF-46E1-9FFF-4579552541B8}.Release|iPhone.Build.0 = Release|iPhone
		{FBD5E730-EDDF-46E1-9FFF-4579552541B8}.Release|iPhone.Deploy.0 = Release|iPhone
		{FBD5E730-EDDF-46E1-9FFF-4579552541B8}.Release|iPhoneSimulator.ActiveCfg = Release|iPhoneSimulator
		{FBD5E730-EDDF-46E1-9FFF-4579552541B8}.Release|iPhoneSimulator.Build.0 = Release|iPhoneSimulator
		{FBD5E730-EDDF-46E1-9FFF-4579552541B8}.Release|iPhoneSimulator.Deploy.0 = Release|iPhoneSimulator
		{D0E5C68C-05E0-4EA8-81A0-9A2352A54390}.Debug|Any CPU.ActiveCfg = Debug|Any CPU
		{D0E5C68C-05E0-4EA8-81A0-9A2352A54390}.Debug|Any CPU.Build.0 = Debug|Any CPU
		{D0E5C68C-05E0-4EA8-81A0-9A2352A54390}.Debug|Any CPU.Deploy.0 = Debug|Any CPU
		{D0E5C68C-05E0-4EA8-81A0-9A2352A54390}.Debug|iPhone.ActiveCfg = Debug|Any CPU
		{D0E5C68C-05E0-4EA8-81A0-9A2352A54390}.Debug|iPhone.Build.0 = Debug|Any CPU
		{D0E5C68C-05E0-4EA8-81A0-9A2352A54390}.Debug|iPhone.Deploy.0 = Debug|Any CPU
		{D0E5C68C-05E0-4EA8-81A0-9A2352A54390}.Debug|iPhoneSimulator.ActiveCfg = Debug|Any CPU
		{D0E5C68C-05E0-4EA8-81A0-9A2352A54390}.Debug|iPhoneSimulator.Build.0 = Debug|Any CPU
		{D0E5C68C-05E0-4EA8-81A0-9A2352A54390}.Debug|iPhoneSimulator.Deploy.0 = Debug|Any CPU
		{D0E5C68C-05E0-4EA8-81A0-9A2352A54390}.Release|Any CPU.ActiveCfg = Release|Any CPU
		{D0E5C68C-05E0-4EA8-81A0-9A2352A54390}.Release|Any CPU.Build.0 = Release|Any CPU
		{D0E5C68C-05E0-4EA8-81A0-9A2352A54390}.Release|Any CPU.Deploy.0 = Release|Any CPU
		{D0E5C68C-05E0-4EA8-81A0-9A2352A54390}.Release|iPhone.ActiveCfg = Release|Any CPU
		{D0E5C68C-05E0-4EA8-81A0-9A2352A54390}.Release|iPhone.Build.0 = Release|Any CPU
		{D0E5C68C-05E0-4EA8-81A0-9A2352A54390}.Release|iPhone.Deploy.0 = Release|Any CPU
		{D0E5C68C-05E0-4EA8-81A0-9A2352A54390}.Release|iPhoneSimulator.ActiveCfg = Release|Any CPU
		{D0E5C68C-05E0-4EA8-81A0-9A2352A54390}.Release|iPhoneSimulator.Build.0 = Release|Any CPU
		{D0E5C68C-05E0-4EA8-81A0-9A2352A54390}.Release|iPhoneSimulator.Deploy.0 = Release|Any CPU
	EndGlobalSection
	GlobalSection(SolutionProperties) = preSolution
		HideSolutionNode = FALSE
	EndGlobalSection
	GlobalSection(ExtensibilityGlobals) = postSolution
		SolutionGuid = {055C6169-CE1B-4CCF-B845-3715FC867AC6}
	EndGlobalSection
EndGlobal
