
Microsoft Visual Studio Solution File, Format Version 12.00
# Visual Studio Version 16
VisualStudioVersion = 16.0.30413.136
MinimumVisualStudioVersion = 10.0.40219.1
Project("{FAE04EC0-301F-11D3-BF4B-00C04F79EFBC}") = "RemarkPage.Android", "RemarkPage.Android\RemarkPage.Android.csproj", "{FD8AF8A8-D068-4470-9C18-87DB16A387B4}"
EndProject
Project("{FAE04EC0-301F-11D3-BF4B-00C04F79EFBC}") = "RemarkPage.iOS", "RemarkPage.iOS\RemarkPage.iOS.csproj", "{B44CAAE1-C059-4924-B43E-72C205F550BE}"
EndProject
Project("{FAE04EC0-301F-11D3-BF4B-00C04F79EFBC}") = "RemarkPage", "RemarkPage\RemarkPage.csproj", "{605DD215-061C-44D4-8B84-7222D305A911}"
EndProject
Global
	GlobalSection(SolutionConfigurationPlatforms) = preSolution
		Debug|Any CPU = Debug|Any CPU
		Debug|iPhone = Debug|iPhone
		Debug|iPhoneSimulator = Debug|iPhoneSimulator
		Release|Any CPU = Release|Any CPU
		Release|iPhone = Release|iPhone
		Release|iPhoneSimulator = Release|iPhoneSimulator
	EndGlobalSection
	GlobalSection(ProjectConfigurationPlatforms) = postSolution
		{FD8AF8A8-D068-4470-9C18-87DB16A387B4}.Debug|Any CPU.ActiveCfg = Debug|Any CPU
		{FD8AF8A8-D068-4470-9C18-87DB16A387B4}.Debug|Any CPU.Build.0 = Debug|Any CPU
		{FD8AF8A8-D068-4470-9C18-87DB16A387B4}.Debug|Any CPU.Deploy.0 = Debug|Any CPU
		{FD8AF8A8-D068-4470-9C18-87DB16A387B4}.Debug|iPhone.ActiveCfg = Debug|Any CPU
		{FD8AF8A8-D068-4470-9C18-87DB16A387B4}.Debug|iPhone.Build.0 = Debug|Any CPU
		{FD8AF8A8-D068-4470-9C18-87DB16A387B4}.Debug|iPhone.Deploy.0 = Debug|Any CPU
		{FD8AF8A8-D068-4470-9C18-87DB16A387B4}.Debug|iPhoneSimulator.ActiveCfg = Debug|Any CPU
		{FD8AF8A8-D068-4470-9C18-87DB16A387B4}.Debug|iPhoneSimulator.Build.0 = Debug|Any CPU
		{FD8AF8A8-D068-4470-9C18-87DB16A387B4}.Debug|iPhoneSimulator.Deploy.0 = Debug|Any CPU
		{FD8AF8A8-D068-4470-9C18-87DB16A387B4}.Release|Any CPU.ActiveCfg = Release|Any CPU
		{FD8AF8A8-D068-4470-9C18-87DB16A387B4}.Release|Any CPU.Build.0 = Release|Any CPU
		{FD8AF8A8-D068-4470-9C18-87DB16A387B4}.Release|Any CPU.Deploy.0 = Release|Any CPU
		{FD8AF8A8-D068-4470-9C18-87DB16A387B4}.Release|iPhone.ActiveCfg = Release|Any CPU
		{FD8AF8A8-D068-4470-9C18-87DB16A387B4}.Release|iPhone.Build.0 = Release|Any CPU
		{FD8AF8A8-D068-4470-9C18-87DB16A387B4}.Release|iPhone.Deploy.0 = Release|Any CPU
		{FD8AF8A8-D068-4470-9C18-87DB16A387B4}.Release|iPhoneSimulator.ActiveCfg = Release|Any CPU
		{FD8AF8A8-D068-4470-9C18-87DB16A387B4}.Release|iPhoneSimulator.Build.0 = Release|Any CPU
		{FD8AF8A8-D068-4470-9C18-87DB16A387B4}.Release|iPhoneSimulator.Deploy.0 = Release|Any CPU
		{B44CAAE1-C059-4924-B43E-72C205F550BE}.Debug|Any CPU.ActiveCfg = Debug|iPhone
		{B44CAAE1-C059-4924-B43E-72C205F550BE}.Debug|Any CPU.Build.0 = Debug|iPhone
		{B44CAAE1-C059-4924-B43E-72C205F550BE}.Debug|Any CPU.Deploy.0 = Debug|iPhone
		{B44CAAE1-C059-4924-B43E-72C205F550BE}.Debug|iPhone.ActiveCfg = Debug|iPhone
		{B44CAAE1-C059-4924-B43E-72C205F550BE}.Debug|iPhone.Build.0 = Debug|iPhone
		{B44CAAE1-C059-4924-B43E-72C205F550BE}.Debug|iPhone.Deploy.0 = Debug|iPhone
		{B44CAAE1-C059-4924-B43E-72C205F550BE}.Debug|iPhoneSimulator.ActiveCfg = Debug|iPhoneSimulator
		{B44CAAE1-C059-4924-B43E-72C205F550BE}.Debug|iPhoneSimulator.Build.0 = Debug|iPhoneSimulator
		{B44CAAE1-C059-4924-B43E-72C205F550BE}.Debug|iPhoneSimulator.Deploy.0 = Debug|iPhoneSimulator
		{B44CAAE1-C059-4924-B43E-72C205F550BE}.Release|Any CPU.ActiveCfg = Release|iPhone
		{B44CAAE1-C059-4924-B43E-72C205F550BE}.Release|Any CPU.Build.0 = Release|iPhone
		{B44CAAE1-C059-4924-B43E-72C205F550BE}.Release|Any CPU.Deploy.0 = Release|iPhone
		{B44CAAE1-C059-4924-B43E-72C205F550BE}.Release|iPhone.ActiveCfg = Release|iPhone
		{B44CAAE1-C059-4924-B43E-72C205F550BE}.Release|iPhone.Build.0 = Release|iPhone
		{B44CAAE1-C059-4924-B43E-72C205F550BE}.Release|iPhone.Deploy.0 = Release|iPhone
		{B44CAAE1-C059-4924-B43E-72C205F550BE}.Release|iPhoneSimulator.ActiveCfg = Release|iPhoneSimulator
		{B44CAAE1-C059-4924-B43E-72C205F550BE}.Release|iPhoneSimulator.Build.0 = Release|iPhoneSimulator
		{B44CAAE1-C059-4924-B43E-72C205F550BE}.Release|iPhoneSimulator.Deploy.0 = Release|iPhoneSimulator
		{605DD215-061C-44D4-8B84-7222D305A911}.Debug|Any CPU.ActiveCfg = Debug|Any CPU
		{605DD215-061C-44D4-8B84-7222D305A911}.Debug|Any CPU.Build.0 = Debug|Any CPU
		{605DD215-061C-44D4-8B84-7222D305A911}.Debug|Any CPU.Deploy.0 = Debug|Any CPU
		{605DD215-061C-44D4-8B84-7222D305A911}.Debug|iPhone.ActiveCfg = Debug|Any CPU
		{605DD215-061C-44D4-8B84-7222D305A911}.Debug|iPhone.Build.0 = Debug|Any CPU
		{605DD215-061C-44D4-8B84-7222D305A911}.Debug|iPhone.Deploy.0 = Debug|Any CPU
		{605DD215-061C-44D4-8B84-7222D305A911}.Debug|iPhoneSimulator.ActiveCfg = Debug|Any CPU
		{605DD215-061C-44D4-8B84-7222D305A911}.Debug|iPhoneSimulator.Build.0 = Debug|Any CPU
		{605DD215-061C-44D4-8B84-7222D305A911}.Debug|iPhoneSimulator.Deploy.0 = Debug|Any CPU
		{605DD215-061C-44D4-8B84-7222D305A911}.Release|Any CPU.ActiveCfg = Release|Any CPU
		{605DD215-061C-44D4-8B84-7222D305A911}.Release|Any CPU.Build.0 = Release|Any CPU
		{605DD215-061C-44D4-8B84-7222D305A911}.Release|Any CPU.Deploy.0 = Release|Any CPU
		{605DD215-061C-44D4-8B84-7222D305A911}.Release|iPhone.ActiveCfg = Release|Any CPU
		{605DD215-061C-44D4-8B84-7222D305A911}.Release|iPhone.Build.0 = Release|Any CPU
		{605DD215-061C-44D4-8B84-7222D305A911}.Release|iPhone.Deploy.0 = Release|Any CPU
		{605DD215-061C-44D4-8B84-7222D305A911}.Release|iPhoneSimulator.ActiveCfg = Release|Any CPU
		{605DD215-061C-44D4-8B84-7222D305A911}.Release|iPhoneSimulator.Build.0 = Release|Any CPU
		{605DD215-061C-44D4-8B84-7222D305A911}.Release|iPhoneSimulator.Deploy.0 = Release|Any CPU
	EndGlobalSection
	GlobalSection(SolutionProperties) = preSolution
		HideSolutionNode = FALSE
	EndGlobalSection
	GlobalSection(ExtensibilityGlobals) = postSolution
		SolutionGuid = {75E2C1FD-BB6C-4B1C-BA86-5E21F67DC1F4}
	EndGlobalSection
EndGlobal
